{
    "_readme": [
        "This file locks the dependencies of your project to a known state",
        "Read more about it at https://getcomposer.org/doc/01-basic-usage.md#composer-lock-the-lock-file",
        "This file is @generated automatically"
    ],
    "content-hash": "a7218f7f9518ddd2f435c041410213b1",
    "packages": [
        {
            "name": "fkooman/oauth2-server",
            "version": "dev-master",
            "source": {
                "type": "git",
                "url": "https://github.com/fkooman/php-oauth2-server",
                "reference": "ab74d8e719006c96d179124c73eede6e449a1016"
            },
            "dist": {
                "type": "zip",
                "url": "https://api.github.com/repos/fkooman/php-oauth2-server/zipball/ab74d8e719006c96d179124c73eede6e449a1016",
                "reference": "ab74d8e719006c96d179124c73eede6e449a1016",
                "shasum": ""
            },
            "require": {
                "ext-date": "*",
                "ext-hash": "*",
                "ext-json": "*",
                "ext-libsodium": "*",
                "ext-pcre": "*",
                "ext-pdo": "*",
                "php": ">=5.4.0"
            },
            "type": "library",
            "autoload": {
                "psr-4": {
                    "fkooman\\OAuth\\Server\\": "src/"
                }
            },
            "license": [
                "AGPL-3.0"
            ],
            "authors": [
                {
                    "email": "fkooman@tuxed.net",
                    "name": "François Kooman"
                }
            ],
            "description": "Very simple OAuth 2.0 server",
            "time": "2017-01-26 09:24:57"
        }
    ],
    "packages-dev": [],
    "aliases": [],
    "minimum-stability": "stable",
    "stability-flags": {
        "fkooman/oauth2-server": 20
    },
    "prefer-stable": false,
    "prefer-lowest": false,
    "platform": {
        "ext-date": "*",
        "ext-json": "*",
        "ext-libsodium": "*",
        "ext-pdo": "*",
        "php": ">= 5.4.0"
    },
    "platform-dev": []
}
